{
    "_readme": [
        "This file locks the dependencies of your project to a known state",
        "Read more about it at https://getcomposer.org/doc/01-basic-usage.md#installing-dependencies",
        "This file is @generated automatically"
    ],
    "content-hash": "bdab52e15b15414febb4dd83f6aa7402",
    "packages": [
        {
            "name": "aileshe/upload",
            "version": "v0.1.2",
            "source": {
                "type": "git",
                "url": "https://github.com/aileshe/Upload.git",
                "reference": "6fa844619d97b1ed30f5fe6fdb460bc0db3c6c6d"
            },
            "dist": {
                "type": "zip",
                "url": "https://api.github.com/repos/aileshe/Upload/zipball/6fa844619d97b1ed30f5fe6fdb460bc0db3c6c6d",
                "reference": "6fa844619d97b1ed30f5fe6fdb460bc0db3c6c6d",
                "shasum": ""
            },
            "require": {
                "php": ">=5.3"
            },
            "type": "library",
            "autoload": {
                "psr-4": {
                    "Dj\\": "src/Upload"
                }
            },
            "notification-url": "https://packagist.org/downloads/",
            "license": [
                "MIT"
            ],
            "authors": [
                {
                    "name": "Dejan",
                    "email": "673008865@qq.com"
                }
            ],
            "description": "file upload",
            "time": "2018-04-25T09:48:10+00:00"
        },
        {
            "name": "qous/curl",
            "version": "1.0.1",
            "source": {
                "type": "git",
                "url": "https://github.com/qous/php-curl.git",
                "reference": "b5283a30a254b60a6c7a03cb000c518ea3c6074c"
            },
            "dist": {
                "type": "zip",
                "url": "https://api.github.com/repos/qous/php-curl/zipball/b5283a30a254b60a6c7a03cb000c518ea3c6074c",
                "reference": "b5283a30a254b60a6c7a03cb000c518ea3c6074c",
                "shasum": ""
            },
            "require": {
                "php": ">=5.3.0"
            },
            "type": "library",
            "autoload": {
                "psr-4": {
                    "Qous\\": "src"
                }
            },
            "notification-url": "https://packagist.org/downloads/",
            "license": [
                "MIT"
            ],
            "authors": [
                {
                    "name": "王强",
                    "email": "wq455133@163.com"
                }
            ],
            "description": "php curl study",
            "time": "2018-07-06T15:58:08+00:00"
        },
        {
            "name": "qous/sort",
            "version": "1.0.0",
            "source": {
                "type": "git",
                "url": "https://github.com/qous/sort-array.git",
                "reference": "f0cfa6bfebc1a34e1e6bf3ef1883f0a56059c5de"
            },
            "dist": {
                "type": "zip",
                "url": "https://api.github.com/repos/qous/sort-array/zipball/f0cfa6bfebc1a34e1e6bf3ef1883f0a56059c5de",
                "reference": "f0cfa6bfebc1a34e1e6bf3ef1883f0a56059c5de",
                "shasum": ""
            },
            "type": "library",
            "autoload": {
                "files": [
                    "init.php"
                ]
            },
            "notification-url": "https://packagist.org/downloads/",
            "time": "2018-07-06T15:22:53+00:00"
        }
    ],
    "packages-dev": [],
    "aliases": [],
    "minimum-stability": "stable",
    "stability-flags": [],
    "prefer-stable": false,
    "prefer-lowest": false,
    "platform": [],
    "platform-dev": []
}
